
Microsoft Visual Studio Solution File, Format Version 12.00
# Visual Studio Version 16
VisualStudioVersion = 16.0.29613.14
MinimumVisualStudioVersion = 10.0.40219.1
Project("{FAE04EC0-301F-11D3-BF4B-00C04F79EFBC}") = "Asp.Net_Core_API", "Asp.Net_Core_API\Asp.Net_Core_API.csproj", "{38AEF7B6-2331-4C87-960B-50CFAF7D4336}"
EndProject
Global
	GlobalSection(SolutionConfigurationPlatforms) = preSolution
		Debug|Any CPU = Debug|Any CPU
		Release|Any CPU = Release|Any CPU
	EndGlobalSection
	GlobalSection(ProjectConfigurationPlatforms) = postSolution
		{38AEF7B6-2331-4C87-960B-50CFAF7D4336}.Debug|Any CPU.ActiveCfg = Debug|Any CPU
		{38AEF7B6-2331-4C87-960B-50CFAF7D4336}.Debug|Any CPU.Build.0 = Debug|Any CPU
		{38AEF7B6-2331-4C87-960B-50CFAF7D4336}.Release|Any CPU.ActiveCfg = Release|Any CPU
		{38AEF7B6-2331-4C87-960B-50CFAF7D4336}.Release|Any CPU.Build.0 = Release|Any CPU
	EndGlobalSection
	GlobalSection(SolutionProperties) = preSolution
		HideSolutionNode = FALSE
	EndGlobalSection
	GlobalSection(ExtensibilityGlobals) = postSolution
		SolutionGuid = {3F652F86-BDC0-4A19-A697-4818BF2AAA6A}
	EndGlobalSection
EndGlobal
